
Microsoft Visual Studio Solution File, Format Version 12.00
# Visual Studio Version 16
VisualStudioVersion = 16.0.31410.357
MinimumVisualStudioVersion = 10.0.40219.1
Project("{FAE04EC0-301F-11D3-BF4B-00C04F79EFBC}") = "FeetDetection", "FeetDetection\FeetDetection.csproj", "{95E6A969-D417-4610-948F-045CE50DE461}"
EndProject
Project("{FAE04EC0-301F-11D3-BF4B-00C04F79EFBC}") = "FeetDetectionLibrary", "FeetDetectionLibrary\FeetDetectionLibrary.csproj", "{150FC9AF-33D7-4C19-AC88-74971250D74B}"
EndProject
Global
	GlobalSection(SolutionConfigurationPlatforms) = preSolution
		Debug|Any CPU = Debug|Any CPU
		Release|Any CPU = Release|Any CPU
	EndGlobalSection
	GlobalSection(ProjectConfigurationPlatforms) = postSolution
		{95E6A969-D417-4610-948F-045CE50DE461}.Debug|Any CPU.ActiveCfg = Debug|Any CPU
		{95E6A969-D417-4610-948F-045CE50DE461}.Debug|Any CPU.Build.0 = Debug|Any CPU
		{95E6A969-D417-4610-948F-045CE50DE461}.Release|Any CPU.ActiveCfg = Release|Any CPU
		{95E6A969-D417-4610-948F-045CE50DE461}.Release|Any CPU.Build.0 = Release|Any CPU
		{150FC9AF-33D7-4C19-AC88-74971250D74B}.Debug|Any CPU.ActiveCfg = Debug|Any CPU
		{150FC9AF-33D7-4C19-AC88-74971250D74B}.Debug|Any CPU.Build.0 = Debug|Any CPU
		{150FC9AF-33D7-4C19-AC88-74971250D74B}.Release|Any CPU.ActiveCfg = Release|Any CPU
		{150FC9AF-33D7-4C19-AC88-74971250D74B}.Release|Any CPU.Build.0 = Release|Any CPU
	EndGlobalSection
	GlobalSection(SolutionProperties) = preSolution
		HideSolutionNode = FALSE
	EndGlobalSection
	GlobalSection(ExtensibilityGlobals) = postSolution
		SolutionGuid = {8755CB5F-64B5-490E-B77A-842E0A0F7BDB}
	EndGlobalSection
EndGlobal
